
Microsoft Visual Studio Solution File, Format Version 12.00
# Visual Studio Version 17
VisualStudioVersion = 17.4.33205.214
MinimumVisualStudioVersion = 10.0.40219.1
Project("{9A19103F-16F7-4668-BE54-9A1E7A4F7556}") = "KalkulatorKredytowy", "KalkulatorKredytowy\KalkulatorKredytowy.csproj", "{B871C1B7-DB16-4F5A-9689-B508875450D7}"
EndProject
Global
	GlobalSection(SolutionConfigurationPlatforms) = preSolution
		Debug|Any CPU = Debug|Any CPU
		Release|Any CPU = Release|Any CPU
	EndGlobalSection
	GlobalSection(ProjectConfigurationPlatforms) = postSolution
		{B871C1B7-DB16-4F5A-9689-B508875450D7}.Debug|Any CPU.ActiveCfg = Debug|Any CPU
		{B871C1B7-DB16-4F5A-9689-B508875450D7}.Debug|Any CPU.Build.0 = Debug|Any CPU
		{B871C1B7-DB16-4F5A-9689-B508875450D7}.Release|Any CPU.ActiveCfg = Release|Any CPU
		{B871C1B7-DB16-4F5A-9689-B508875450D7}.Release|Any CPU.Build.0 = Release|Any CPU
	EndGlobalSection
	GlobalSection(SolutionProperties) = preSolution
		HideSolutionNode = FALSE
	EndGlobalSection
	GlobalSection(ExtensibilityGlobals) = postSolution
		SolutionGuid = {33EB2D46-F2C8-441A-B393-B0508059B437}
	EndGlobalSection
EndGlobal
